// !$*UTF8*$!
{
	archiveVersion = 1;
	classes = {
	};
	objectVersion = 77;
	objects = {

/* Begin PBXBuildFile section */
		D1903E312E30D7C2003C066C /* CouchbaseLiteSwift in Frameworks */ = {isa = PBXBuildFile; productRef = D1903E302E30D7C2003C066C /* CouchbaseLiteSwift */; };
		D1903E342E30D7D4003C066C /* CouchbaseLiteVectorSearch in Frameworks */ = {isa = PBXBuildFile; productRef = D1903E332E30D7D4003C066C /* CouchbaseLiteVectorSearch */; };
/* End PBXBuildFile section */

/* Begin PBXContainerItemProxy section */
		D1903E132E30D615003C066C /* PBXContainerItemProxy */ = {
			isa = PBXContainerItemProxy;
			containerPortal = D1903DFD2E30D614003C066C /* Project object */;
			proxyType = 1;
			remoteGlobalIDString = D1903E042E30D614003C066C;
			remoteInfo = LiquorApp;
		};
		D1903E1D2E30D615003C066C /* PBXContainerItemProxy */ = {
			isa = PBXContainerItemProxy;
			containerPortal = D1903DFD2E30D614003C066C /* Project object */;
			proxyType = 1;
			remoteGlobalIDString = D1903E042E30D614003C066C;
			remoteInfo = LiquorApp;
		};
/* End PBXContainerItemProxy section */

/* Begin PBXFileReference section */
		D1903E052E30D614003C066C /* LiquorApp.app */ = {isa = PBXFileReference; explicitFileType = wrapper.application; includeInIndex = 0; path = LiquorApp.app; sourceTree = BUILT_PRODUCTS_DIR; };
		D1903E122E30D615003C066C /* LiquorAppTests.xctest */ = {isa = PBXFileReference; explicitFileType = wrapper.cfbundle; includeInIndex = 0; path = LiquorAppTests.xctest; sourceTree = BUILT_PRODUCTS_DIR; };
		D1903E1C2E30D615003C066C /* LiquorAppUITests.xctest */ = {isa = PBXFileReference; explicitFileType = wrapper.cfbundle; includeInIndex = 0; path = LiquorAppUITests.xctest; sourceTree = BUILT_PRODUCTS_DIR; };
/* End PBXFileReference section */

/* Begin PBXFileSystemSynchronizedBuildFileExceptionSet section */
		D1903F292E51C338003C066C /* Exceptions for "LiquorApp" folder in "LiquorApp" target */ = {
			isa = PBXFileSystemSynchronizedBuildFileExceptionSet;
			membershipExceptions = (
				Info.plist,
			);
			target = D1903E042E30D614003C066C /* LiquorApp */;
		};
/* End PBXFileSystemSynchronizedBuildFileExceptionSet section */

/* Begin PBXFileSystemSynchronizedRootGroup section */
		D1903E072E30D614003C066C /* LiquorApp */ = {
			isa = PBXFileSystemSynchronizedRootGroup;
			exceptions = (
				D1903F292E51C338003C066C /* Exceptions for "LiquorApp" folder in "LiquorApp" target */,
			);
			path = LiquorApp;
			sourceTree = "<group>";
		};
		D1903E152E30D615003C066C /* LiquorAppTests */ = {
			isa = PBXFileSystemSynchronizedRootGroup;
			path = LiquorAppTests;
			sourceTree = "<group>";
		};
		D1903E1F2E30D615003C066C /* LiquorAppUITests */ = {
			isa = PBXFileSystemSynchronizedRootGroup;
			path = LiquorAppUITests;
			sourceTree = "<group>";
		};
/* End PBXFileSystemSynchronizedRootGroup section */

/* Begin PBXFrameworksBuildPhase section */
		D1903E022E30D614003C066C /* Frameworks */ = {
			isa = PBXFrameworksBuildPhase;
			buildActionMask = 2147483647;
			files = (
				D1903E312E30D7C2003C066C /* CouchbaseLiteSwift in Frameworks */,
				D1903E342E30D7D4003C066C /* CouchbaseLiteVectorSearch in Frameworks */,
			);
			runOnlyForDeploymentPostprocessing = 0;
		};
		D1903E0F2E30D615003C066C /* Frameworks */ = {
			isa = PBXFrameworksBuildPhase;
			buildActionMask = 2147483647;
			files = (
			);
			runOnlyForDeploymentPostprocessing = 0;
		};
		D1903E192E30D615003C066C /* Frameworks */ = {
			isa = PBXFrameworksBuildPhase;
			buildActionMask = 2147483647;
			files = (
			);
			runOnlyForDeploymentPostprocessing = 0;
		};
/* End PBXFrameworksBuildPhase section */

/* Begin PBXGroup section */
		D1903DFC2E30D614003C066C = {
			isa = PBXGroup;
			children = (
				D1903E072E30D614003C066C /* LiquorApp */,
				D1903E152E30D615003C066C /* LiquorAppTests */,
				D1903E1F2E30D615003C066C /* LiquorAppUITests */,
				D1903E062E30D614003C066C /* Products */,
			);
			sourceTree = "<group>";
		};
		D1903E062E30D614003C066C /* Products */ = {
			isa = PBXGroup;
			children = (
				D1903E052E30D614003C066C /* LiquorApp.app */,
				D1903E122E30D615003C066C /* LiquorAppTests.xctest */,
				D1903E1C2E30D615003C066C /* LiquorAppUITests.xctest */,
			);
			name = Products;
			sourceTree = "<group>";
		};
/* End PBXGroup section */

/* Begin PBXNativeTarget section */
		D1903E042E30D614003C066C /* LiquorApp */ = {
			isa = PBXNativeTarget;
			buildConfigurationList = D1903E262E30D615003C066C /* Build configuration list for PBXNativeTarget "LiquorApp" */;
			buildPhases = (
				D1903E012E30D614003C066C /* Sources */,
				D1903E022E30D614003C066C /* Frameworks */,
				D1903E032E30D614003C066C /* Resources */,
			);
			buildRules = (
			);
			dependencies = (
			);
			fileSystemSynchronizedGroups = (
				D1903E072E30D614003C066C /* LiquorApp */,
			);
			name = LiquorApp;
			packageProductDependencies = (
				D1903E302E30D7C2003C066C /* CouchbaseLiteSwift */,
				D1903E332E30D7D4003C066C /* CouchbaseLiteVectorSearch */,
			);
			productName = LiquorApp;
			productReference = D1903E052E30D614003C066C /* LiquorApp.app */;
			productType = "com.apple.product-type.application";
		};
		D1903E112E30D615003C066C /* LiquorAppTests */ = {
			isa = PBXNativeTarget;
			buildConfigurationList = D1903E292E30D615003C066C /* Build configuration list for PBXNativeTarget "LiquorAppTests" */;
			buildPhases = (
				D1903E0E2E30D615003C066C /* Sources */,
				D1903E0F2E30D615003C066C /* Frameworks */,
				D1903E102E30D615003C066C /* Resources */,
			);
			buildRules = (
			);
			dependencies = (
				D1903E142E30D615003C066C /* PBXTargetDependency */,
			);
			fileSystemSynchronizedGroups = (
				D1903E152E30D615003C066C /* LiquorAppTests */,
			);
			name = LiquorAppTests;
			packageProductDependencies = (
			);
			productName = LiquorAppTests;
			productReference = D1903E122E30D615003C066C /* LiquorAppTests.xctest */;
			productType = "com.apple.product-type.bundle.unit-test";
		};
		D1903E1B2E30D615003C066C /* LiquorAppUITests */ = {
			isa = PBXNativeTarget;
			buildConfigurationList = D1903E2C2E30D615003C066C /* Build configuration list for PBXNativeTarget "LiquorAppUITests" */;
			buildPhases = (
				D1903E182E30D615003C066C /* Sources */,
				D1903E192E30D615003C066C /* Frameworks */,
				D1903E1A2E30D615003C066C /* Resources */,
			);
			buildRules = (
			);
			dependencies = (
				D1903E1E2E30D615003C066C /* PBXTargetDependency */,
			);
			fileSystemSynchronizedGroups = (
				D1903E1F2E30D615003C066C /* LiquorAppUITests */,
			);
			name = LiquorAppUITests;
			packageProductDependencies = (
			);
			productName = LiquorAppUITests;
			productReference = D1903E1C2E30D615003C066C /* LiquorAppUITests.xctest */;
			productType = "com.apple.product-type.bundle.ui-testing";
		};
/* End PBXNativeTarget section */

/* Begin PBXProject section */
		D1903DFD2E30D614003C066C /* Project object */ = {
			isa = PBXProject;
			attributes = {
				BuildIndependentTargetsInParallel = 1;
				LastSwiftUpdateCheck = 1640;
				LastUpgradeCheck = 1640;
				TargetAttributes = {
					D1903E042E30D614003C066C = {
						CreatedOnToolsVersion = 16.4;
					};
					D1903E112E30D615003C066C = {
						CreatedOnToolsVersion = 16.4;
						TestTargetID = D1903E042E30D614003C066C;
					};
					D1903E1B2E30D615003C066C = {
						CreatedOnToolsVersion = 16.4;
						TestTargetID = D1903E042E30D614003C066C;
					};
				};
			};
			buildConfigurationList = D1903E002E30D614003C066C /* Build configuration list for PBXProject "LiquorApp" */;
			developmentRegion = en;
			hasScannedForEncodings = 0;
			knownRegions = (
				en,
				Base,
			);
			mainGroup = D1903DFC2E30D614003C066C;
			minimizedProjectReferenceProxies = 1;
			packageReferences = (
				D1903E2F2E30D7C2003C066C /* XCRemoteSwiftPackageReference "couchbase-lite-swift-ee" */,
				D1903E322E30D7D4003C066C /* XCRemoteSwiftPackageReference "couchbase-lite-vector-search-spm" */,
			);
			preferredProjectObjectVersion = 77;
			productRefGroup = D1903E062E30D614003C066C /* Products */;
			projectDirPath = "";
			projectRoot = "";
			targets = (
				D1903E042E30D614003C066C /* LiquorApp */,
				D1903E112E30D615003C066C /* LiquorAppTests */,
				D1903E1B2E30D615003C066C /* LiquorAppUITests */,
			);
		};
/* End PBXProject section */

/* Begin PBXResourcesBuildPhase section */
		D1903E032E30D614003C066C /* Resources */ = {
			isa = PBXResourcesBuildPhase;
			buildActionMask = 2147483647;
			files = (
			);
			runOnlyForDeploymentPostprocessing = 0;
		};
		D1903E102E30D615003C066C /* Resources */ = {
			isa = PBXResourcesBuildPhase;
			buildActionMask = 2147483647;
			files = (
			);
			runOnlyForDeploymentPostprocessing = 0;
		};
		D1903E1A2E30D615003C066C /* Resources */ = {
			isa = PBXResourcesBuildPhase;
			buildActionMask = 2147483647;
			files = (
			);
			runOnlyForDeploymentPostprocessing = 0;
		};
/* End PBXResourcesBuildPhase section */

/* Begin PBXSourcesBuildPhase section */
		D1903E012E30D614003C066C /* Sources */ = {
			isa = PBXSourcesBuildPhase;
			buildActionMask = 2147483647;
			files = (
			);
			runOnlyForDeploymentPostprocessing = 0;
		};
		D1903E0E2E30D615003C066C /* Sources */ = {
			isa = PBXSourcesBuildPhase;
			buildActionMask = 2147483647;
			files = (
			);
			runOnlyForDeploymentPostprocessing = 0;
		};
		D1903E182E30D615003C066C /* Sources */ = {
			isa = PBXSourcesBuildPhase;
			buildActionMask = 2147483647;
			files = (
			);
			runOnlyForDeploymentPostprocessing = 0;
		};
/* End PBXSourcesBuildPhase section */

/* Begin PBXTargetDependency section */
		D1903E142E30D615003C066C /* PBXTargetDependency */ = {
			isa = PBXTargetDependency;
			target = D1903E042E30D614003C066C /* LiquorApp */;
			targetProxy = D1903E132E30D615003C066C /* PBXContainerItemProxy */;
		};
		D1903E1E2E30D615003C066C /* PBXTargetDependency */ = {
			isa = PBXTargetDependency;
			target = D1903E042E30D614003C066C /* LiquorApp */;
			targetProxy = D1903E1D2E30D615003C066C /* PBXContainerItemProxy */;
		};
/* End PBXTargetDependency section */

/* Begin XCBuildConfiguration section */
		D1903E242E30D615003C066C /* Debug */ = {
			isa = XCBuildConfiguration;
			buildSettings = {
				ALWAYS_SEARCH_USER_PATHS = NO;
				ASSETCATALOG_COMPILER_GENERATE_SWIFT_ASSET_SYMBOL_EXTENSIONS = YES;
				CLANG_ANALYZER_NONNULL = YES;
				CLANG_ANALYZER_NUMBER_OBJECT_CONVERSION = YES_AGGRESSIVE;
				CLANG_CXX_LANGUAGE_STANDARD = "gnu++20";
				CLANG_ENABLE_MODULES = YES;
				CLANG_ENABLE_OBJC_ARC = YES;
				CLANG_ENABLE_OBJC_WEAK = YES;
				CLANG_WARN_BLOCK_CAPTURE_AUTORELEASING = YES;
				CLANG_WARN_BOOL_CONVERSION = YES;
				CLANG_WARN_COMMA = YES;
				CLANG_WARN_CONSTANT_CONVERSION = YES;
				CLANG_WARN_DEPRECATED_OBJC_IMPLEMENTATIONS = YES;
				CLANG_WARN_DIRECT_OBJC_ISA_USAGE = YES_ERROR;
				CLANG_WARN_DOCUMENTATION_COMMENTS = YES;
				CLANG_WARN_EMPTY_BODY = YES;
				CLANG_WARN_ENUM_CONVERSION = YES;
				CLANG_WARN_INFINITE_RECURSION = YES;
				CLANG_WARN_INT_CONVERSION = YES;
				CLANG_WARN_NON_LITERAL_NULL_CONVERSION = YES;
				CLANG_WARN_OBJC_IMPLICIT_RETAIN_SELF = YES;
				CLANG_WARN_OBJC_LITERAL_CONVERSION = YES;
				CLANG_WARN_OBJC_ROOT_CLASS = YES_ERROR;
				CLANG_WARN_QUOTED_INCLUDE_IN_FRAMEWORK_HEADER = YES;
				CLANG_WARN_RANGE_LOOP_ANALYSIS = YES;
				CLANG_WARN_STRICT_PROTOTYPES = YES;
				CLANG_WARN_SUSPICIOUS_MOVE = YES;
				CLANG_WARN_UNGUARDED_AVAILABILITY = YES_AGGRESSIVE;
				CLANG_WARN_UNREACHABLE_CODE = YES;
				CLANG_WARN__DUPLICATE_METHOD_MATCH = YES;
				COPY_PHASE_STRIP = NO;
				DEBUG_INFORMATION_FORMAT = dwarf;
				DEVELOPMENT_TEAM = DFQY8NB65M;
				ENABLE_STRICT_OBJC_MSGSEND = YES;
				ENABLE_TESTABILITY = YES;
				ENABLE_USER_SCRIPT_SANDBOXING = YES;
				GCC_C_LANGUAGE_STANDARD = gnu17;
				GCC_DYNAMIC_NO_PIC = NO;
				GCC_NO_COMMON_BLOCKS = YES;
				GCC_OPTIMIZATION_LEVEL = 0;
				GCC_PREPROCESSOR_DEFINITIONS = (
					"DEBUG=1",
					"$(inherited)",
				);
				GCC_WARN_64_TO_32_BIT_CONVERSION = YES;
				GCC_WARN_ABOUT_RETURN_TYPE = YES_ERROR;
				GCC_WARN_UNDECLARED_SELECTOR = YES;
				GCC_WARN_UNINITIALIZED_AUTOS = YES_AGGRESSIVE;
				GCC_WARN_UNUSED_FUNCTION = YES;
				GCC_WARN_UNUSED_VARIABLE = YES;
				IPHONEOS_DEPLOYMENT_TARGET = 18.5;
				LOCALIZATION_PREFERS_STRING_CATALOGS = YES;
				MTL_ENABLE_DEBUG_INFO = INCLUDE_SOURCE;
				MTL_FAST_MATH = YES;
				ONLY_ACTIVE_ARCH = YES;
				SDKROOT = iphoneos;
				SWIFT_ACTIVE_COMPILATION_CONDITIONS = "DEBUG $(inherited)";
				SWIFT_OPTIMIZATION_LEVEL = "-Onone";
			};
			name = Debug;
		};
		D1903E252E30D615003C066C /* Release */ = {
			isa = XCBuildConfiguration;
			buildSettings = {
				ALWAYS_SEARCH_USER_PATHS = NO;
				ASSETCATALOG_COMPILER_GENERATE_SWIFT_ASSET_SYMBOL_EXTENSIONS = YES;
				CLANG_ANALYZER_NONNULL = YES;
				CLANG_ANALYZER_NUMBER_OBJECT_CONVERSION = YES_AGGRESSIVE;
				CLANG_CXX_LANGUAGE_STANDARD = "gnu++20";
				CLANG_ENABLE_MODULES = YES;
				CLANG_ENABLE_OBJC_ARC = YES;
				CLANG_ENABLE_OBJC_WEAK = YES;
				CLANG_WARN_BLOCK_CAPTURE_AUTORELEASING = YES;
				CLANG_WARN_BOOL_CONVERSION = YES;
				CLANG_WARN_COMMA = YES;
				CLANG_WARN_CONSTANT_CONVERSION = YES;
				CLANG_WARN_DEPRECATED_OBJC_IMPLEMENTATIONS = YES;
				CLANG_WARN_DIRECT_OBJC_ISA_USAGE = YES_ERROR;
				CLANG_WARN_DOCUMENTATION_COMMENTS = YES;
				CLANG_WARN_EMPTY_BODY = YES;
				CLANG_WARN_ENUM_CONVERSION = YES;
				CLANG_WARN_INFINITE_RECURSION = YES;
				CLANG_WARN_INT_CONVERSION = YES;
				CLANG_WARN_NON_LITERAL_NULL_CONVERSION = YES;
				CLANG_WARN_OBJC_IMPLICIT_RETAIN_SELF = YES;
				CLANG_WARN_OBJC_LITERAL_CONVERSION = YES;
				CLANG_WARN_OBJC_ROOT_CLASS = YES_ERROR;
				CLANG_WARN_QUOTED_INCLUDE_IN_FRAMEWORK_HEADER = YES;
				CLANG_WARN_RANGE_LOOP_ANALYSIS = YES;
				CLANG_WARN_STRICT_PROTOTYPES = YES;
				CLANG_WARN_SUSPICIOUS_MOVE = YES;
				CLANG_WARN_UNGUARDED_AVAILABILITY = YES_AGGRESSIVE;
				CLANG_WARN_UNREACHABLE_CODE = YES;
				CLANG_WARN__DUPLICATE_METHOD_MATCH = YES;
				COPY_PHASE_STRIP = NO;
				DEBUG_INFORMATION_FORMAT = "dwarf-with-dsym";
				DEVELOPMENT_TEAM = DFQY8NB65M;
				ENABLE_NS_ASSERTIONS = NO;
				ENABLE_STRICT_OBJC_MSGSEND = YES;
				ENABLE_USER_SCRIPT_SANDBOXING = YES;
				GCC_C_LANGUAGE_STANDARD = gnu17;
				GCC_NO_COMMON_BLOCKS = YES;
				GCC_WARN_64_TO_32_BIT_CONVERSION = YES;
				GCC_WARN_ABOUT_RETURN_TYPE = YES_ERROR;
				GCC_WARN_UNDECLARED_SELECTOR = YES;
				GCC_WARN_UNINITIALIZED_AUTOS = YES_AGGRESSIVE;
				GCC_WARN_UNUSED_FUNCTION = YES;
				GCC_WARN_UNUSED_VARIABLE = YES;
				IPHONEOS_DEPLOYMENT_TARGET = 18.5;
				LOCALIZATION_PREFERS_STRING_CATALOGS = YES;
				MTL_ENABLE_DEBUG_INFO = NO;
				MTL_FAST_MATH = YES;
				SDKROOT = iphoneos;
				SWIFT_COMPILATION_MODE = wholemodule;
				VALIDATE_PRODUCT = YES;
			};
			name = Release;
		};
		D1903E272E30D615003C066C /* Debug */ = {
			isa = XCBuildConfiguration;
			buildSettings = {
				ASSETCATALOG_COMPILER_APPICON_NAME = AppIcon;
				ASSETCATALOG_COMPILER_GLOBAL_ACCENT_COLOR_NAME = AccentColor;
				CODE_SIGN_STYLE = Automatic;
				CURRENT_PROJECT_VERSION = 1;
				DEVELOPMENT_TEAM = DFQY8NB65M;
				ENABLE_PREVIEWS = YES;
				GENERATE_INFOPLIST_FILE = YES;
				INFOPLIST_FILE = LiquorApp/Info.plist;
				INFOPLIST_KEY_NSCameraUsageDescription = "LiquorApp needs access to your camera to scan beer packages and planograms for merchandising analysis. We use the camera to capture photos that are processed locally on your device to identify and match products.";
				INFOPLIST_KEY_NSLocalNetworkUsageDescription = "LiquorApp uses the local network to synchronize your liquor inventory with other devices in your area. This enables real-time P2P sync between multiple devices using the same app.";
				INFOPLIST_KEY_UIApplicationSceneManifest_Generation = YES;
				INFOPLIST_KEY_UIApplicationSupportsIndirectInputEvents = YES;
				INFOPLIST_KEY_UILaunchScreen_Generation = YES;
				INFOPLIST_KEY_UISupportedInterfaceOrientations_iPad = "UIInterfaceOrientationPortrait UIInterfaceOrientationPortraitUpsideDown UIInterfaceOrientationLandscapeLeft UIInterfaceOrientationLandscapeRight";
				INFOPLIST_KEY_UISupportedInterfaceOrientations_iPhone = "UIInterfaceOrientationPortrait UIInterfaceOrientationLandscapeLeft UIInterfaceOrientationLandscapeRight";
				LD_RUNPATH_SEARCH_PATHS = (
					"$(inherited)",
					"@executable_path/Frameworks",
				);
				MARKETING_VERSION = 1.0;
				PRODUCT_BUNDLE_IDENTIFIER = com.couchbase.LiquorApp;
				PRODUCT_NAME = "$(TARGET_NAME)";
				SWIFT_EMIT_LOC_STRINGS = YES;
				SWIFT_VERSION = 5.0;
				TARGETED_DEVICE_FAMILY = "1,2";
			};
			name = Debug;
		};
		D1903E282E30D615003C066C /* Release */ = {
			isa = XCBuildConfiguration;
			buildSettings = {
				ASSETCATALOG_COMPILER_APPICON_NAME = AppIcon;
				ASSETCATALOG_COMPILER_GLOBAL_ACCENT_COLOR_NAME = AccentColor;
				CODE_SIGN_STYLE = Automatic;
				CURRENT_PROJECT_VERSION = 1;
				DEVELOPMENT_TEAM = DFQY8NB65M;
				ENABLE_PREVIEWS = YES;
				GENERATE_INFOPLIST_FILE = YES;
				INFOPLIST_FILE = LiquorApp/Info.plist;
				INFOPLIST_KEY_NSCameraUsageDescription = "LiquorApp needs access to your camera to scan beer packages and planograms for merchandising analysis. We use the camera to capture photos that are processed locally on your device to identify and match products.";
				INFOPLIST_KEY_NSLocalNetworkUsageDescription = "LiquorApp uses the local network to synchronize your liquor inventory with other devices in your area. This enables real-time P2P sync between multiple devices using the same app.";
				INFOPLIST_KEY_UIApplicationSceneManifest_Generation = YES;
				INFOPLIST_KEY_UIApplicationSupportsIndirectInputEvents = YES;
				INFOPLIST_KEY_UILaunchScreen_Generation = YES;
				INFOPLIST_KEY_UISupportedInterfaceOrientations_iPad = "UIInterfaceOrientationPortrait UIInterfaceOrientationPortraitUpsideDown UIInterfaceOrientationLandscapeLeft UIInterfaceOrientationLandscapeRight";
				INFOPLIST_KEY_UISupportedInterfaceOrientations_iPhone = "UIInterfaceOrientationPortrait UIInterfaceOrientationLandscapeLeft UIInterfaceOrientationLandscapeRight";
				LD_RUNPATH_SEARCH_PATHS = (
					"$(inherited)",
					"@executable_path/Frameworks",
				);
				MARKETING_VERSION = 1.0;
				PRODUCT_BUNDLE_IDENTIFIER = com.couchbase.LiquorApp;
				PRODUCT_NAME = "$(TARGET_NAME)";
				SWIFT_EMIT_LOC_STRINGS = YES;
				SWIFT_VERSION = 5.0;
				TARGETED_DEVICE_FAMILY = "1,2";
			};
			name = Release;
		};
		D1903E2A2E30D615003C066C /* Debug */ = {
			isa = XCBuildConfiguration;
			buildSettings = {
				BUNDLE_LOADER = "$(TEST_HOST)";
				CODE_SIGN_STYLE = Automatic;
				CURRENT_PROJECT_VERSION = 1;
				DEVELOPMENT_TEAM = DFQY8NB65M;
				GENERATE_INFOPLIST_FILE = YES;
				IPHONEOS_DEPLOYMENT_TARGET = 18.5;
				MARKETING_VERSION = 1.0;
				PRODUCT_BUNDLE_IDENTIFIER = com.couchbase.LiquorAppTests;
				PRODUCT_NAME = "$(TARGET_NAME)";
				SWIFT_EMIT_LOC_STRINGS = NO;
				SWIFT_VERSION = 5.0;
				TARGETED_DEVICE_FAMILY = "1,2";
				TEST_HOST = "$(BUILT_PRODUCTS_DIR)/LiquorApp.app/$(BUNDLE_EXECUTABLE_FOLDER_PATH)/LiquorApp";
			};
			name = Debug;
		};
		D1903E2B2E30D615003C066C /* Release */ = {
			isa = XCBuildConfiguration;
			buildSettings = {
				BUNDLE_LOADER = "$(TEST_HOST)";
				CODE_SIGN_STYLE = Automatic;
				CURRENT_PROJECT_VERSION = 1;
				DEVELOPMENT_TEAM = DFQY8NB65M;
				GENERATE_INFOPLIST_FILE = YES;
				IPHONEOS_DEPLOYMENT_TARGET = 18.5;
				MARKETING_VERSION = 1.0;
				PRODUCT_BUNDLE_IDENTIFIER = com.couchbase.LiquorAppTests;
				PRODUCT_NAME = "$(TARGET_NAME)";
				SWIFT_EMIT_LOC_STRINGS = NO;
				SWIFT_VERSION = 5.0;
				TARGETED_DEVICE_FAMILY = "1,2";
				TEST_HOST = "$(BUILT_PRODUCTS_DIR)/LiquorApp.app/$(BUNDLE_EXECUTABLE_FOLDER_PATH)/LiquorApp";
			};
			name = Release;
		};
		D1903E2D2E30D615003C066C /* Debug */ = {
			isa = XCBuildConfiguration;
			buildSettings = {
				CODE_SIGN_STYLE = Automatic;
				CURRENT_PROJECT_VERSION = 1;
				DEVELOPMENT_TEAM = DFQY8NB65M;
				GENERATE_INFOPLIST_FILE = YES;
				MARKETING_VERSION = 1.0;
				PRODUCT_BUNDLE_IDENTIFIER = com.couchbase.LiquorAppUITests;
				PRODUCT_NAME = "$(TARGET_NAME)";
				SWIFT_EMIT_LOC_STRINGS = NO;
				SWIFT_VERSION = 5.0;
				TARGETED_DEVICE_FAMILY = "1,2";
				TEST_TARGET_NAME = LiquorApp;
			};
			name = Debug;
		};
		D1903E2E2E30D615003C066C /* Release */ = {
			isa = XCBuildConfiguration;
			buildSettings = {
				CODE_SIGN_STYLE = Automatic;
				CURRENT_PROJECT_VERSION = 1;
				DEVELOPMENT_TEAM = DFQY8NB65M;
				GENERATE_INFOPLIST_FILE = YES;
				MARKETING_VERSION = 1.0;
				PRODUCT_BUNDLE_IDENTIFIER = com.couchbase.LiquorAppUITests;
				PRODUCT_NAME = "$(TARGET_NAME)";
				SWIFT_EMIT_LOC_STRINGS = NO;
				SWIFT_VERSION = 5.0;
				TARGETED_DEVICE_FAMILY = "1,2";
				TEST_TARGET_NAME = LiquorApp;
			};
			name = Release;
		};
/* End XCBuildConfiguration section */

/* Begin XCConfigurationList section */
		D1903E002E30D614003C066C /* Build configuration list for PBXProject "LiquorApp" */ = {
			isa = XCConfigurationList;
			buildConfigurations = (
				D1903E242E30D615003C066C /* Debug */,
				D1903E252E30D615003C066C /* Release */,
			);
			defaultConfigurationIsVisible = 0;
			defaultConfigurationName = Release;
		};
		D1903E262E30D615003C066C /* Build configuration list for PBXNativeTarget "LiquorApp" */ = {
			isa = XCConfigurationList;
			buildConfigurations = (
				D1903E272E30D615003C066C /* Debug */,
				D1903E282E30D615003C066C /* Release */,
			);
			defaultConfigurationIsVisible = 0;
			defaultConfigurationName = Release;
		};
		D1903E292E30D615003C066C /* Build configuration list for PBXNativeTarget "LiquorAppTests" */ = {
			isa = XCConfigurationList;
			buildConfigurations = (
				D1903E2A2E30D615003C066C /* Debug */,
				D1903E2B2E30D615003C066C /* Release */,
			);
			defaultConfigurationIsVisible = 0;
			defaultConfigurationName = Release;
		};
		D1903E2C2E30D615003C066C /* Build configuration list for PBXNativeTarget "LiquorAppUITests" */ = {
			isa = XCConfigurationList;
			buildConfigurations = (
				D1903E2D2E30D615003C066C /* Debug */,
				D1903E2E2E30D615003C066C /* Release */,
			);
			defaultConfigurationIsVisible = 0;
			defaultConfigurationName = Release;
		};
/* End XCConfigurationList section */

/* Begin XCRemoteSwiftPackageReference section */
		D1903E2F2E30D7C2003C066C /* XCRemoteSwiftPackageReference "couchbase-lite-swift-ee" */ = {
			isa = XCRemoteSwiftPackageReference;
			repositoryURL = "https://github.com/couchbase/couchbase-lite-swift-ee.git";
			requirement = {
				kind = upToNextMajorVersion;
				minimumVersion = 3.2.4;
			};
		};
		D1903E322E30D7D4003C066C /* XCRemoteSwiftPackageReference "couchbase-lite-vector-search-spm" */ = {
			isa = XCRemoteSwiftPackageReference;
			repositoryURL = "https://github.com/couchbase/couchbase-lite-vector-search-spm.git";
			requirement = {
				kind = upToNextMajorVersion;
				minimumVersion = 1.0.0;
			};
		};
/* End XCRemoteSwiftPackageReference section */

/* Begin XCSwiftPackageProductDependency section */
		D1903E302E30D7C2003C066C /* CouchbaseLiteSwift */ = {
			isa = XCSwiftPackageProductDependency;
			package = D1903E2F2E30D7C2003C066C /* XCRemoteSwiftPackageReference "couchbase-lite-swift-ee" */;
			productName = CouchbaseLiteSwift;
		};
		D1903E332E30D7D4003C066C /* CouchbaseLiteVectorSearch */ = {
			isa = XCSwiftPackageProductDependency;
			package = D1903E322E30D7D4003C066C /* XCRemoteSwiftPackageReference "couchbase-lite-vector-search-spm" */;
			productName = CouchbaseLiteVectorSearch;
		};
/* End XCSwiftPackageProductDependency section */
	};
	rootObject = D1903DFD2E30D614003C066C /* Project object */;
}
