{
  "originHash" : "4d8653a76f7edf735ac26c23cf24bded393a72e858a97d09cb7cd83f07bc31cd",
  "pins" : [
    {
      "identity" : "couchbase-lite-swift-ee",
      "kind" : "remoteSourceControl",
      "location" : "https://github.com/couchbase/couchbase-lite-swift-ee.git",
      "state" : {
        "revision" : "b660027d9958700dc078b3c53f15176f19807157",
        "version" : "3.2.4"
      }
    },
    {
      "identity" : "couchbase-lite-vector-search-spm",
      "kind" : "remoteSourceControl",
      "location" : "https://github.com/couchbase/couchbase-lite-vector-search-spm.git",
      "state" : {
        "revision" : "451c3390f207b2610f3a2d8e7a9a9282fe6b76c8",
        "version" : "1.0.0"
      }
    }
  ],
  "version" : 3
}
